
Microsoft Visual Studio Solution File, Format Version 12.00
# Visual Studio Version 16
VisualStudioVersion = 16.0.30204.135
MinimumVisualStudioVersion = 10.0.40219.1
Project("{FAE04EC0-301F-11D3-BF4B-00C04F79EFBC}") = "MongoDBDemo", "MongoDBDemo.csproj", "{9E638426-6D53-492F-A0CA-FE090BCE46B8}"
EndProject
Global
	GlobalSection(SolutionConfigurationPlatforms) = preSolution
		Debug|Any CPU = Debug|Any CPU
		Release|Any CPU = Release|Any CPU
	EndGlobalSection
	GlobalSection(ProjectConfigurationPlatforms) = postSolution
		{9E638426-6D53-492F-A0CA-FE090BCE46B8}.Debug|Any CPU.ActiveCfg = Debug|Any CPU
		{9E638426-6D53-492F-A0CA-FE090BCE46B8}.Debug|Any CPU.Build.0 = Debug|Any CPU
		{9E638426-6D53-492F-A0CA-FE090BCE46B8}.Release|Any CPU.ActiveCfg = Release|Any CPU
		{9E638426-6D53-492F-A0CA-FE090BCE46B8}.Release|Any CPU.Build.0 = Release|Any CPU
	EndGlobalSection
	GlobalSection(SolutionProperties) = preSolution
		HideSolutionNode = FALSE
	EndGlobalSection
	GlobalSection(ExtensibilityGlobals) = postSolution
		SolutionGuid = {2106179F-32F0-46BE-99CB-F320E084B056}
	EndGlobalSection
EndGlobal
